// !$*UTF8*$!
{
	archiveVersion = 1;
	classes = {
	};
	objectVersion = 52;
	objects = {

/* Begin PBXBuildFile section */
		0C3F0DA72607C9D100F539B4 /* TileTableViewCell.swift in Sources */ = {isa = PBXBuildFile; fileRef = 0C3F0DA12607C9D100F539B4 /* TileTableViewCell.swift */; };
		0C3F0DA82607C9D100F539B4 /* ShoppingListViewController.swift in Sources */ = {isa = PBXBuildFile; fileRef = 0C3F0DA22607C9D100F539B4 /* ShoppingListViewController.swift */; };
		0C3F0DA92607C9D100F539B4 /* TilesResponseModel.swift in Sources */ = {isa = PBXBuildFile; fileRef = 0C3F0DA52607C9D100F539B4 /* TilesResponseModel.swift */; };
		0C3F0DAA2607C9D100F539B4 /* Tile.swift in Sources */ = {isa = PBXBuildFile; fileRef = 0C3F0DA62607C9D100F539B4 /* Tile.swift */; };
		0C3F0DAF2607CA2400F539B4 /* ApiConstants.swift in Sources */ = {isa = PBXBuildFile; fileRef = 0C3F0DAC2607CA2400F539B4 /* ApiConstants.swift */; };
		0C3F0DB02607CA2400F539B4 /* Resource+Tile.swift in Sources */ = {isa = PBXBuildFile; fileRef = 0C3F0DAD2607CA2400F539B4 /* Resource+Tile.swift */; };
		0C3F0DB12607CA2400F539B4 /* TileUseCase.swift in Sources */ = {isa = PBXBuildFile; fileRef = 0C3F0DAE2607CA2400F539B4 /* TileUseCase.swift */; };
		0C3F0DBA2607D3A700F539B4 /* TileListViewModel.swift in Sources */ = {isa = PBXBuildFile; fileRef = 0C3F0DB62607D3A700F539B4 /* TileListViewModel.swift */; };
		0C3F0DBB2607D3A700F539B4 /* TileViewModel.swift in Sources */ = {isa = PBXBuildFile; fileRef = 0C3F0DB72607D3A700F539B4 /* TileViewModel.swift */; };
		0C3F0DBC2607D3A700F539B4 /* TileViewModelBuilder.swift in Sources */ = {isa = PBXBuildFile; fileRef = 0C3F0DB82607D3A700F539B4 /* TileViewModelBuilder.swift */; };
		0C3F0DBD2607D3A700F539B4 /* TileListViewModelType.swift in Sources */ = {isa = PBXBuildFile; fileRef = 0C3F0DB92607D3A700F539B4 /* TileListViewModelType.swift */; };
		0C3F0DC52607D40700F539B4 /* TileListNavigator.swift in Sources */ = {isa = PBXBuildFile; fileRef = 0C3F0DC42607D40700F539B4 /* TileListNavigator.swift */; };
		0C3F0DCA2607D52A00F539B4 /* ProgressHUD.swift in Sources */ = {isa = PBXBuildFile; fileRef = 0C3F0DC92607D52A00F539B4 /* ProgressHUD.swift */; };
		0C3F0DD12607E33E00F539B4 /* ApplicationComponentsFactory.swift in Sources */ = {isa = PBXBuildFile; fileRef = 0C3F0DCC2607E33D00F539B4 /* ApplicationComponentsFactory.swift */; };
		0C3F0DD22607E33E00F539B4 /* ApplicationFlowCoordinator.swift in Sources */ = {isa = PBXBuildFile; fileRef = 0C3F0DCD2607E33D00F539B4 /* ApplicationFlowCoordinator.swift */; };
		0C3F0DD32607E33E00F539B4 /* FlowCoordinatorDependencyProviders.swift in Sources */ = {isa = PBXBuildFile; fileRef = 0C3F0DCE2607E33E00F539B4 /* FlowCoordinatorDependencyProviders.swift */; };
		0C3F0DD42607E33E00F539B4 /* FlowCoordinator.swift in Sources */ = {isa = PBXBuildFile; fileRef = 0C3F0DCF2607E33E00F539B4 /* FlowCoordinator.swift */; };
		0C3F0DD52607E33E00F539B4 /* VehicleListFlowCoordinator.swift in Sources */ = {isa = PBXBuildFile; fileRef = 0C3F0DD02607E33E00F539B4 /* VehicleListFlowCoordinator.swift */; };
		0CD45D9D2605FD6C00DC50B5 /* AppDelegate.swift in Sources */ = {isa = PBXBuildFile; fileRef = 0CD45D9C2605FD6C00DC50B5 /* AppDelegate.swift */; };
		0CD45D9F2605FD6C00DC50B5 /* SceneDelegate.swift in Sources */ = {isa = PBXBuildFile; fileRef = 0CD45D9E2605FD6C00DC50B5 /* SceneDelegate.swift */; };
		0CD45DA42605FD6C00DC50B5 /* Main.storyboard in Resources */ = {isa = PBXBuildFile; fileRef = 0CD45DA22605FD6C00DC50B5 /* Main.storyboard */; };
		0CD45DA62605FD6F00DC50B5 /* Assets.xcassets in Resources */ = {isa = PBXBuildFile; fileRef = 0CD45DA52605FD6F00DC50B5 /* Assets.xcassets */; };
		0CD45DA92605FD6F00DC50B5 /* LaunchScreen.storyboard in Resources */ = {isa = PBXBuildFile; fileRef = 0CD45DA72605FD6F00DC50B5 /* LaunchScreen.storyboard */; };
		0CD45DC72605FE7E00DC50B5 /* Network in Frameworks */ = {isa = PBXBuildFile; productRef = 0CD45DC62605FE7E00DC50B5 /* Network */; };
		0CD45DCA2606002B00DC50B5 /* UICommon in Frameworks */ = {isa = PBXBuildFile; productRef = 0CD45DC92606002B00DC50B5 /* UICommon */; };
		0CD45DCD2606006D00DC50B5 /* Utilites in Frameworks */ = {isa = PBXBuildFile; productRef = 0CD45DCC2606006D00DC50B5 /* Utilites */; };
		0CD45DD2260602DD00DC50B5 /* Kingfisher in Frameworks */ = {isa = PBXBuildFile; productRef = 0CD45DD1260602DD00DC50B5 /* Kingfisher */; };
		0CD45DE0260624EE00DC50B5 /* IQKeyboardManagerSwift in Frameworks */ = {isa = PBXBuildFile; productRef = 0CD45DDF260624EE00DC50B5 /* IQKeyboardManagerSwift */; };
		0CD45DE4260638CB00DC50B5 /* Realm in Frameworks */ = {isa = PBXBuildFile; productRef = 0CD45DE3260638CB00DC50B5 /* Realm */; };
		0CD45DE6260638CB00DC50B5 /* RealmSwift in Frameworks */ = {isa = PBXBuildFile; productRef = 0CD45DE5260638CB00DC50B5 /* RealmSwift */; };
/* End PBXBuildFile section */

/* Begin PBXFileReference section */
		0C3F0DA12607C9D100F539B4 /* TileTableViewCell.swift */ = {isa = PBXFileReference; fileEncoding = 4; lastKnownFileType = sourcecode.swift; path = TileTableViewCell.swift; sourceTree = "<group>"; };
		0C3F0DA22607C9D100F539B4 /* ShoppingListViewController.swift */ = {isa = PBXFileReference; fileEncoding = 4; lastKnownFileType = sourcecode.swift; path = ShoppingListViewController.swift; sourceTree = "<group>"; };
		0C3F0DA52607C9D100F539B4 /* TilesResponseModel.swift */ = {isa = PBXFileReference; fileEncoding = 4; lastKnownFileType = sourcecode.swift; path = TilesResponseModel.swift; sourceTree = "<group>"; };
		0C3F0DA62607C9D100F539B4 /* Tile.swift */ = {isa = PBXFileReference; fileEncoding = 4; lastKnownFileType = sourcecode.swift; path = Tile.swift; sourceTree = "<group>"; };
		0C3F0DAC2607CA2400F539B4 /* ApiConstants.swift */ = {isa = PBXFileReference; fileEncoding = 4; lastKnownFileType = sourcecode.swift; path = ApiConstants.swift; sourceTree = "<group>"; };
		0C3F0DAD2607CA2400F539B4 /* Resource+Tile.swift */ = {isa = PBXFileReference; fileEncoding = 4; lastKnownFileType = sourcecode.swift; path = "Resource+Tile.swift"; sourceTree = "<group>"; };
		0C3F0DAE2607CA2400F539B4 /* TileUseCase.swift */ = {isa = PBXFileReference; fileEncoding = 4; lastKnownFileType = sourcecode.swift; path = TileUseCase.swift; sourceTree = "<group>"; };
		0C3F0DB62607D3A700F539B4 /* TileListViewModel.swift */ = {isa = PBXFileReference; fileEncoding = 4; lastKnownFileType = sourcecode.swift; path = TileListViewModel.swift; sourceTree = "<group>"; };
		0C3F0DB72607D3A700F539B4 /* TileViewModel.swift */ = {isa = PBXFileReference; fileEncoding = 4; lastKnownFileType = sourcecode.swift; path = TileViewModel.swift; sourceTree = "<group>"; };
		0C3F0DB82607D3A700F539B4 /* TileViewModelBuilder.swift */ = {isa = PBXFileReference; fileEncoding = 4; lastKnownFileType = sourcecode.swift; path = TileViewModelBuilder.swift; sourceTree = "<group>"; };
		0C3F0DB92607D3A700F539B4 /* TileListViewModelType.swift */ = {isa = PBXFileReference; fileEncoding = 4; lastKnownFileType = sourcecode.swift; path = TileListViewModelType.swift; sourceTree = "<group>"; };
		0C3F0DC42607D40700F539B4 /* TileListNavigator.swift */ = {isa = PBXFileReference; fileEncoding = 4; lastKnownFileType = sourcecode.swift; path = TileListNavigator.swift; sourceTree = "<group>"; };
		0C3F0DC92607D52A00F539B4 /* ProgressHUD.swift */ = {isa = PBXFileReference; fileEncoding = 4; lastKnownFileType = sourcecode.swift; path = ProgressHUD.swift; sourceTree = "<group>"; };
		0C3F0DCC2607E33D00F539B4 /* ApplicationComponentsFactory.swift */ = {isa = PBXFileReference; fileEncoding = 4; lastKnownFileType = sourcecode.swift; path = ApplicationComponentsFactory.swift; sourceTree = "<group>"; };
		0C3F0DCD2607E33D00F539B4 /* ApplicationFlowCoordinator.swift */ = {isa = PBXFileReference; fileEncoding = 4; lastKnownFileType = sourcecode.swift; path = ApplicationFlowCoordinator.swift; sourceTree = "<group>"; };
		0C3F0DCE2607E33E00F539B4 /* FlowCoordinatorDependencyProviders.swift */ = {isa = PBXFileReference; fileEncoding = 4; lastKnownFileType = sourcecode.swift; path = FlowCoordinatorDependencyProviders.swift; sourceTree = "<group>"; };
		0C3F0DCF2607E33E00F539B4 /* FlowCoordinator.swift */ = {isa = PBXFileReference; fileEncoding = 4; lastKnownFileType = sourcecode.swift; path = FlowCoordinator.swift; sourceTree = "<group>"; };
		0C3F0DD02607E33E00F539B4 /* VehicleListFlowCoordinator.swift */ = {isa = PBXFileReference; fileEncoding = 4; lastKnownFileType = sourcecode.swift; path = VehicleListFlowCoordinator.swift; sourceTree = "<group>"; };
		0CD45D992605FD6C00DC50B5 /* Payback.app */ = {isa = PBXFileReference; explicitFileType = wrapper.application; includeInIndex = 0; path = Payback.app; sourceTree = BUILT_PRODUCTS_DIR; };
		0CD45D9C2605FD6C00DC50B5 /* AppDelegate.swift */ = {isa = PBXFileReference; lastKnownFileType = sourcecode.swift; path = AppDelegate.swift; sourceTree = "<group>"; };
		0CD45D9E2605FD6C00DC50B5 /* SceneDelegate.swift */ = {isa = PBXFileReference; lastKnownFileType = sourcecode.swift; path = SceneDelegate.swift; sourceTree = "<group>"; };
		0CD45DA32605FD6C00DC50B5 /* Base */ = {isa = PBXFileReference; lastKnownFileType = file.storyboard; name = Base; path = Base.lproj/Main.storyboard; sourceTree = "<group>"; };
		0CD45DA52605FD6F00DC50B5 /* Assets.xcassets */ = {isa = PBXFileReference; lastKnownFileType = folder.assetcatalog; path = Assets.xcassets; sourceTree = "<group>"; };
		0CD45DA82605FD6F00DC50B5 /* Base */ = {isa = PBXFileReference; lastKnownFileType = file.storyboard; name = Base; path = Base.lproj/LaunchScreen.storyboard; sourceTree = "<group>"; };
		0CD45DAA2605FD6F00DC50B5 /* Info.plist */ = {isa = PBXFileReference; lastKnownFileType = text.plist.xml; path = Info.plist; sourceTree = "<group>"; };
/* End PBXFileReference section */

/* Begin PBXFrameworksBuildPhase section */
		0CD45D962605FD6C00DC50B5 /* Frameworks */ = {
			isa = PBXFrameworksBuildPhase;
			buildActionMask = 2147483647;
			files = (
				0CD45DE4260638CB00DC50B5 /* Realm in Frameworks */,
				0CD45DE0260624EE00DC50B5 /* IQKeyboardManagerSwift in Frameworks */,
				0CD45DE6260638CB00DC50B5 /* RealmSwift in Frameworks */,
				0CD45DD2260602DD00DC50B5 /* Kingfisher in Frameworks */,
				0CD45DC72605FE7E00DC50B5 /* Network in Frameworks */,
				0CD45DCD2606006D00DC50B5 /* Utilites in Frameworks */,
				0CD45DCA2606002B00DC50B5 /* UICommon in Frameworks */,
			);
			runOnlyForDeploymentPostprocessing = 0;
		};
/* End PBXFrameworksBuildPhase section */

/* Begin PBXGroup section */
		0C3F0D9A2607C9D100F539B4 /* Structure */ = {
			isa = PBXGroup;
			children = (
				0C3F0D9B2607C9D100F539B4 /* ViewModel */,
				0C3F0D9C2607C9D100F539B4 /* FlowCoordinator */,
				0C3F0D9D2607C9D100F539B4 /* ThirdPartyViews */,
				0C3F0D9E2607C9D100F539B4 /* Views */,
				0C3F0DA32607C9D100F539B4 /* UseCases */,
				0C3F0DA42607C9D100F539B4 /* Entities */,
			);
			path = Structure;
			sourceTree = "<group>";
		};
		0C3F0D9B2607C9D100F539B4 /* ViewModel */ = {
			isa = PBXGroup;
			children = (
				0C3F0DB52607D3A700F539B4 /* TileList */,
			);
			path = ViewModel;
			sourceTree = "<group>";
		};
		0C3F0D9C2607C9D100F539B4 /* FlowCoordinator */ = {
			isa = PBXGroup;
			children = (
				0C3F0DCC2607E33D00F539B4 /* ApplicationComponentsFactory.swift */,
				0C3F0DCD2607E33D00F539B4 /* ApplicationFlowCoordinator.swift */,
				0C3F0DCF2607E33E00F539B4 /* FlowCoordinator.swift */,
				0C3F0DCE2607E33E00F539B4 /* FlowCoordinatorDependencyProviders.swift */,
				0C3F0DD02607E33E00F539B4 /* VehicleListFlowCoordinator.swift */,
			);
			path = FlowCoordinator;
			sourceTree = "<group>";
		};
		0C3F0D9D2607C9D100F539B4 /* ThirdPartyViews */ = {
			isa = PBXGroup;
			children = (
				0C3F0DC82607D52A00F539B4 /* ProgressHUD */,
			);
			path = ThirdPartyViews;
			sourceTree = "<group>";
		};
		0C3F0D9E2607C9D100F539B4 /* Views */ = {
			isa = PBXGroup;
			children = (
				0C3F0D9F2607C9D100F539B4 /* TileList */,
			);
			path = Views;
			sourceTree = "<group>";
		};
		0C3F0D9F2607C9D100F539B4 /* TileList */ = {
			isa = PBXGroup;
			children = (
				0C3F0DA02607C9D100F539B4 /* Cells */,
				0C3F0DA22607C9D100F539B4 /* ShoppingListViewController.swift */,
				0C3F0DC42607D40700F539B4 /* TileListNavigator.swift */,
			);
			path = TileList;
			sourceTree = "<group>";
		};
		0C3F0DA02607C9D100F539B4 /* Cells */ = {
			isa = PBXGroup;
			children = (
				0C3F0DA12607C9D100F539B4 /* TileTableViewCell.swift */,
			);
			path = Cells;
			sourceTree = "<group>";
		};
		0C3F0DA32607C9D100F539B4 /* UseCases */ = {
			isa = PBXGroup;
			children = (
				0C3F0DAC2607CA2400F539B4 /* ApiConstants.swift */,
				0C3F0DAD2607CA2400F539B4 /* Resource+Tile.swift */,
				0C3F0DAE2607CA2400F539B4 /* TileUseCase.swift */,
			);
			path = UseCases;
			sourceTree = "<group>";
		};
		0C3F0DA42607C9D100F539B4 /* Entities */ = {
			isa = PBXGroup;
			children = (
				0C3F0DA52607C9D100F539B4 /* TilesResponseModel.swift */,
				0C3F0DA62607C9D100F539B4 /* Tile.swift */,
			);
			path = Entities;
			sourceTree = "<group>";
		};
		0C3F0DB52607D3A700F539B4 /* TileList */ = {
			isa = PBXGroup;
			children = (
				0C3F0DB62607D3A700F539B4 /* TileListViewModel.swift */,
				0C3F0DB72607D3A700F539B4 /* TileViewModel.swift */,
				0C3F0DB82607D3A700F539B4 /* TileViewModelBuilder.swift */,
				0C3F0DB92607D3A700F539B4 /* TileListViewModelType.swift */,
			);
			path = TileList;
			sourceTree = "<group>";
		};
		0C3F0DC82607D52A00F539B4 /* ProgressHUD */ = {
			isa = PBXGroup;
			children = (
				0C3F0DC92607D52A00F539B4 /* ProgressHUD.swift */,
			);
			path = ProgressHUD;
			sourceTree = "<group>";
		};
		0CD45D902605FD6C00DC50B5 = {
			isa = PBXGroup;
			children = (
				0CD45D9B2605FD6C00DC50B5 /* Payback */,
				0CD45D9A2605FD6C00DC50B5 /* Products */,
				0CD45DC52605FE7E00DC50B5 /* Frameworks */,
			);
			sourceTree = "<group>";
		};
		0CD45D9A2605FD6C00DC50B5 /* Products */ = {
			isa = PBXGroup;
			children = (
				0CD45D992605FD6C00DC50B5 /* Payback.app */,
			);
			name = Products;
			sourceTree = "<group>";
		};
		0CD45D9B2605FD6C00DC50B5 /* Payback */ = {
			isa = PBXGroup;
			children = (
				0C3F0D9A2607C9D100F539B4 /* Structure */,
				0CD45D9C2605FD6C00DC50B5 /* AppDelegate.swift */,
				0CD45D9E2605FD6C00DC50B5 /* SceneDelegate.swift */,
				0CD45DA22605FD6C00DC50B5 /* Main.storyboard */,
				0CD45DA52605FD6F00DC50B5 /* Assets.xcassets */,
				0CD45DA72605FD6F00DC50B5 /* LaunchScreen.storyboard */,
				0CD45DAA2605FD6F00DC50B5 /* Info.plist */,
			);
			path = Payback;
			sourceTree = "<group>";
		};
		0CD45DC52605FE7E00DC50B5 /* Frameworks */ = {
			isa = PBXGroup;
			children = (
			);
			name = Frameworks;
			sourceTree = "<group>";
		};
/* End PBXGroup section */

/* Begin PBXNativeTarget section */
		0CD45D982605FD6C00DC50B5 /* Payback */ = {
			isa = PBXNativeTarget;
			buildConfigurationList = 0CD45DAD2605FD6F00DC50B5 /* Build configuration list for PBXNativeTarget "Payback" */;
			buildPhases = (
				0CD45D952605FD6C00DC50B5 /* Sources */,
				0CD45D962605FD6C00DC50B5 /* Frameworks */,
				0CD45D972605FD6C00DC50B5 /* Resources */,
			);
			buildRules = (
			);
			dependencies = (
			);
			name = Payback;
			packageProductDependencies = (
				0CD45DC62605FE7E00DC50B5 /* Network */,
				0CD45DC92606002B00DC50B5 /* UICommon */,
				0CD45DCC2606006D00DC50B5 /* Utilites */,
				0CD45DD1260602DD00DC50B5 /* Kingfisher */,
				0CD45DDF260624EE00DC50B5 /* IQKeyboardManagerSwift */,
				0CD45DE3260638CB00DC50B5 /* Realm */,
				0CD45DE5260638CB00DC50B5 /* RealmSwift */,
			);
			productName = Payback;
			productReference = 0CD45D992605FD6C00DC50B5 /* Payback.app */;
			productType = "com.apple.product-type.application";
		};
/* End PBXNativeTarget section */

/* Begin PBXProject section */
		0CD45D912605FD6C00DC50B5 /* Project object */ = {
			isa = PBXProject;
			attributes = {
				LastSwiftUpdateCheck = 1220;
				LastUpgradeCheck = 1220;
				TargetAttributes = {
					0CD45D982605FD6C00DC50B5 = {
						CreatedOnToolsVersion = 12.2;
					};
				};
			};
			buildConfigurationList = 0CD45D942605FD6C00DC50B5 /* Build configuration list for PBXProject "Payback" */;
			compatibilityVersion = "Xcode 9.3";
			developmentRegion = en;
			hasScannedForEncodings = 0;
			knownRegions = (
				en,
				Base,
			);
			mainGroup = 0CD45D902605FD6C00DC50B5;
			packageReferences = (
				0CD45DD0260602DD00DC50B5 /* XCRemoteSwiftPackageReference "Kingfisher" */,
				0CD45DDE260624EE00DC50B5 /* XCRemoteSwiftPackageReference "IQKeyboardManager" */,
				0CD45DE2260638CA00DC50B5 /* XCRemoteSwiftPackageReference "realm-cocoa" */,
			);
			productRefGroup = 0CD45D9A2605FD6C00DC50B5 /* Products */;
			projectDirPath = "";
			projectRoot = "";
			targets = (
				0CD45D982605FD6C00DC50B5 /* Payback */,
			);
		};
/* End PBXProject section */

/* Begin PBXResourcesBuildPhase section */
		0CD45D972605FD6C00DC50B5 /* Resources */ = {
			isa = PBXResourcesBuildPhase;
			buildActionMask = 2147483647;
			files = (
				0CD45DA92605FD6F00DC50B5 /* LaunchScreen.storyboard in Resources */,
				0CD45DA62605FD6F00DC50B5 /* Assets.xcassets in Resources */,
				0CD45DA42605FD6C00DC50B5 /* Main.storyboard in Resources */,
			);
			runOnlyForDeploymentPostprocessing = 0;
		};
/* End PBXResourcesBuildPhase section */

/* Begin PBXSourcesBuildPhase section */
		0CD45D952605FD6C00DC50B5 /* Sources */ = {
			isa = PBXSourcesBuildPhase;
			buildActionMask = 2147483647;
			files = (
				0C3F0DAF2607CA2400F539B4 /* ApiConstants.swift in Sources */,
				0C3F0DBA2607D3A700F539B4 /* TileListViewModel.swift in Sources */,
				0C3F0DD22607E33E00F539B4 /* ApplicationFlowCoordinator.swift in Sources */,
				0C3F0DC52607D40700F539B4 /* TileListNavigator.swift in Sources */,
				0C3F0DA82607C9D100F539B4 /* ShoppingListViewController.swift in Sources */,
				0C3F0DBC2607D3A700F539B4 /* TileViewModelBuilder.swift in Sources */,
				0C3F0DBB2607D3A700F539B4 /* TileViewModel.swift in Sources */,
				0C3F0DD42607E33E00F539B4 /* FlowCoordinator.swift in Sources */,
				0C3F0DB12607CA2400F539B4 /* TileUseCase.swift in Sources */,
				0C3F0DA72607C9D100F539B4 /* TileTableViewCell.swift in Sources */,
				0C3F0DCA2607D52A00F539B4 /* ProgressHUD.swift in Sources */,
				0C3F0DD32607E33E00F539B4 /* FlowCoordinatorDependencyProviders.swift in Sources */,
				0CD45D9D2605FD6C00DC50B5 /* AppDelegate.swift in Sources */,
				0C3F0DB02607CA2400F539B4 /* Resource+Tile.swift in Sources */,
				0C3F0DD12607E33E00F539B4 /* ApplicationComponentsFactory.swift in Sources */,
				0C3F0DBD2607D3A700F539B4 /* TileListViewModelType.swift in Sources */,
				0C3F0DAA2607C9D100F539B4 /* Tile.swift in Sources */,
				0C3F0DA92607C9D100F539B4 /* TilesResponseModel.swift in Sources */,
				0C3F0DD52607E33E00F539B4 /* VehicleListFlowCoordinator.swift in Sources */,
				0CD45D9F2605FD6C00DC50B5 /* SceneDelegate.swift in Sources */,
			);
			runOnlyForDeploymentPostprocessing = 0;
		};
/* End PBXSourcesBuildPhase section */

/* Begin PBXVariantGroup section */
		0CD45DA22605FD6C00DC50B5 /* Main.storyboard */ = {
			isa = PBXVariantGroup;
			children = (
				0CD45DA32605FD6C00DC50B5 /* Base */,
			);
			name = Main.storyboard;
			sourceTree = "<group>";
		};
		0CD45DA72605FD6F00DC50B5 /* LaunchScreen.storyboard */ = {
			isa = PBXVariantGroup;
			children = (
				0CD45DA82605FD6F00DC50B5 /* Base */,
			);
			name = LaunchScreen.storyboard;
			sourceTree = "<group>";
		};
/* End PBXVariantGroup section */

/* Begin XCBuildConfiguration section */
		0CD45DAB2605FD6F00DC50B5 /* Debug */ = {
			isa = XCBuildConfiguration;
			buildSettings = {
				ALWAYS_SEARCH_USER_PATHS = NO;
				CLANG_ANALYZER_NONNULL = YES;
				CLANG_ANALYZER_NUMBER_OBJECT_CONVERSION = YES_AGGRESSIVE;
				CLANG_CXX_LANGUAGE_STANDARD = "gnu++14";
				CLANG_CXX_LIBRARY = "libc++";
				CLANG_ENABLE_MODULES = YES;
				CLANG_ENABLE_OBJC_ARC = YES;
				CLANG_ENABLE_OBJC_WEAK = YES;
				CLANG_WARN_BLOCK_CAPTURE_AUTORELEASING = YES;
				CLANG_WARN_BOOL_CONVERSION = YES;
				CLANG_WARN_COMMA = YES;
				CLANG_WARN_CONSTANT_CONVERSION = YES;
				CLANG_WARN_DEPRECATED_OBJC_IMPLEMENTATIONS = YES;
				CLANG_WARN_DIRECT_OBJC_ISA_USAGE = YES_ERROR;
				CLANG_WARN_DOCUMENTATION_COMMENTS = YES;
				CLANG_WARN_EMPTY_BODY = YES;
				CLANG_WARN_ENUM_CONVERSION = YES;
				CLANG_WARN_INFINITE_RECURSION = YES;
				CLANG_WARN_INT_CONVERSION = YES;
				CLANG_WARN_NON_LITERAL_NULL_CONVERSION = YES;
				CLANG_WARN_OBJC_IMPLICIT_RETAIN_SELF = YES;
				CLANG_WARN_OBJC_LITERAL_CONVERSION = YES;
				CLANG_WARN_OBJC_ROOT_CLASS = YES_ERROR;
				CLANG_WARN_QUOTED_INCLUDE_IN_FRAMEWORK_HEADER = YES;
				CLANG_WARN_RANGE_LOOP_ANALYSIS = YES;
				CLANG_WARN_STRICT_PROTOTYPES = YES;
				CLANG_WARN_SUSPICIOUS_MOVE = YES;
				CLANG_WARN_UNGUARDED_AVAILABILITY = YES_AGGRESSIVE;
				CLANG_WARN_UNREACHABLE_CODE = YES;
				CLANG_WARN__DUPLICATE_METHOD_MATCH = YES;
				COPY_PHASE_STRIP = NO;
				DEBUG_INFORMATION_FORMAT = dwarf;
				ENABLE_STRICT_OBJC_MSGSEND = YES;
				ENABLE_TESTABILITY = YES;
				GCC_C_LANGUAGE_STANDARD = gnu11;
				GCC_DYNAMIC_NO_PIC = NO;
				GCC_NO_COMMON_BLOCKS = YES;
				GCC_OPTIMIZATION_LEVEL = 0;
				GCC_PREPROCESSOR_DEFINITIONS = (
					"DEBUG=1",
					"$(inherited)",
				);
				GCC_WARN_64_TO_32_BIT_CONVERSION = YES;
				GCC_WARN_ABOUT_RETURN_TYPE = YES_ERROR;
				GCC_WARN_UNDECLARED_SELECTOR = YES;
				GCC_WARN_UNINITIALIZED_AUTOS = YES_AGGRESSIVE;
				GCC_WARN_UNUSED_FUNCTION = YES;
				GCC_WARN_UNUSED_VARIABLE = YES;
				IPHONEOS_DEPLOYMENT_TARGET = 14.2;
				MTL_ENABLE_DEBUG_INFO = INCLUDE_SOURCE;
				MTL_FAST_MATH = YES;
				ONLY_ACTIVE_ARCH = YES;
				SDKROOT = iphoneos;
				SWIFT_ACTIVE_COMPILATION_CONDITIONS = DEBUG;
				SWIFT_OPTIMIZATION_LEVEL = "-Onone";
			};
			name = Debug;
		};
		0CD45DAC2605FD6F00DC50B5 /* Release */ = {
			isa = XCBuildConfiguration;
			buildSettings = {
				ALWAYS_SEARCH_USER_PATHS = NO;
				CLANG_ANALYZER_NONNULL = YES;
				CLANG_ANALYZER_NUMBER_OBJECT_CONVERSION = YES_AGGRESSIVE;
				CLANG_CXX_LANGUAGE_STANDARD = "gnu++14";
				CLANG_CXX_LIBRARY = "libc++";
				CLANG_ENABLE_MODULES = YES;
				CLANG_ENABLE_OBJC_ARC = YES;
				CLANG_ENABLE_OBJC_WEAK = YES;
				CLANG_WARN_BLOCK_CAPTURE_AUTORELEASING = YES;
				CLANG_WARN_BOOL_CONVERSION = YES;
				CLANG_WARN_COMMA = YES;
				CLANG_WARN_CONSTANT_CONVERSION = YES;
				CLANG_WARN_DEPRECATED_OBJC_IMPLEMENTATIONS = YES;
				CLANG_WARN_DIRECT_OBJC_ISA_USAGE = YES_ERROR;
				CLANG_WARN_DOCUMENTATION_COMMENTS = YES;
				CLANG_WARN_EMPTY_BODY = YES;
				CLANG_WARN_ENUM_CONVERSION = YES;
				CLANG_WARN_INFINITE_RECURSION = YES;
				CLANG_WARN_INT_CONVERSION = YES;
				CLANG_WARN_NON_LITERAL_NULL_CONVERSION = YES;
				CLANG_WARN_OBJC_IMPLICIT_RETAIN_SELF = YES;
				CLANG_WARN_OBJC_LITERAL_CONVERSION = YES;
				CLANG_WARN_OBJC_ROOT_CLASS = YES_ERROR;
				CLANG_WARN_QUOTED_INCLUDE_IN_FRAMEWORK_HEADER = YES;
				CLANG_WARN_RANGE_LOOP_ANALYSIS = YES;
				CLANG_WARN_STRICT_PROTOTYPES = YES;
				CLANG_WARN_SUSPICIOUS_MOVE = YES;
				CLANG_WARN_UNGUARDED_AVAILABILITY = YES_AGGRESSIVE;
				CLANG_WARN_UNREACHABLE_CODE = YES;
				CLANG_WARN__DUPLICATE_METHOD_MATCH = YES;
				COPY_PHASE_STRIP = NO;
				DEBUG_INFORMATION_FORMAT = "dwarf-with-dsym";
				ENABLE_NS_ASSERTIONS = NO;
				ENABLE_STRICT_OBJC_MSGSEND = YES;
				GCC_C_LANGUAGE_STANDARD = gnu11;
				GCC_NO_COMMON_BLOCKS = YES;
				GCC_WARN_64_TO_32_BIT_CONVERSION = YES;
				GCC_WARN_ABOUT_RETURN_TYPE = YES_ERROR;
				GCC_WARN_UNDECLARED_SELECTOR = YES;
				GCC_WARN_UNINITIALIZED_AUTOS = YES_AGGRESSIVE;
				GCC_WARN_UNUSED_FUNCTION = YES;
				GCC_WARN_UNUSED_VARIABLE = YES;
				IPHONEOS_DEPLOYMENT_TARGET = 14.2;
				MTL_ENABLE_DEBUG_INFO = NO;
				MTL_FAST_MATH = YES;
				SDKROOT = iphoneos;
				SWIFT_COMPILATION_MODE = wholemodule;
				SWIFT_OPTIMIZATION_LEVEL = "-O";
				VALIDATE_PRODUCT = YES;
			};
			name = Release;
		};
		0CD45DAE2605FD6F00DC50B5 /* Debug */ = {
			isa = XCBuildConfiguration;
			buildSettings = {
				ASSETCATALOG_COMPILER_APPICON_NAME = AppIcon;
				ASSETCATALOG_COMPILER_GLOBAL_ACCENT_COLOR_NAME = AccentColor;
				CODE_SIGN_STYLE = Automatic;
				INFOPLIST_FILE = Payback/Info.plist;
				LD_RUNPATH_SEARCH_PATHS = (
					"$(inherited)",
					"@executable_path/Frameworks",
				);
				PRODUCT_BUNDLE_IDENTIFIER = com.Payback;
				PRODUCT_NAME = "$(TARGET_NAME)";
				SWIFT_VERSION = 5.0;
				TARGETED_DEVICE_FAMILY = "1,2";
			};
			name = Debug;
		};
		0CD45DAF2605FD6F00DC50B5 /* Release */ = {
			isa = XCBuildConfiguration;
			buildSettings = {
				ASSETCATALOG_COMPILER_APPICON_NAME = AppIcon;
				ASSETCATALOG_COMPILER_GLOBAL_ACCENT_COLOR_NAME = AccentColor;
				CODE_SIGN_STYLE = Automatic;
				INFOPLIST_FILE = Payback/Info.plist;
				LD_RUNPATH_SEARCH_PATHS = (
					"$(inherited)",
					"@executable_path/Frameworks",
				);
				PRODUCT_BUNDLE_IDENTIFIER = com.Payback;
				PRODUCT_NAME = "$(TARGET_NAME)";
				SWIFT_VERSION = 5.0;
				TARGETED_DEVICE_FAMILY = "1,2";
			};
			name = Release;
		};
/* End XCBuildConfiguration section */

/* Begin XCConfigurationList section */
		0CD45D942605FD6C00DC50B5 /* Build configuration list for PBXProject "Payback" */ = {
			isa = XCConfigurationList;
			buildConfigurations = (
				0CD45DAB2605FD6F00DC50B5 /* Debug */,
				0CD45DAC2605FD6F00DC50B5 /* Release */,
			);
			defaultConfigurationIsVisible = 0;
			defaultConfigurationName = Release;
		};
		0CD45DAD2605FD6F00DC50B5 /* Build configuration list for PBXNativeTarget "Payback" */ = {
			isa = XCConfigurationList;
			buildConfigurations = (
				0CD45DAE2605FD6F00DC50B5 /* Debug */,
				0CD45DAF2605FD6F00DC50B5 /* Release */,
			);
			defaultConfigurationIsVisible = 0;
			defaultConfigurationName = Release;
		};
/* End XCConfigurationList section */

/* Begin XCRemoteSwiftPackageReference section */
		0CD45DD0260602DD00DC50B5 /* XCRemoteSwiftPackageReference "Kingfisher" */ = {
			isa = XCRemoteSwiftPackageReference;
			repositoryURL = "https://github.com/onevcat/Kingfisher.git";
			requirement = {
				kind = upToNextMajorVersion;
				minimumVersion = 6.0.0;
			};
		};
		0CD45DDE260624EE00DC50B5 /* XCRemoteSwiftPackageReference "IQKeyboardManager" */ = {
			isa = XCRemoteSwiftPackageReference;
			repositoryURL = "https://github.com/hackiftekhar/IQKeyboardManager.git";
			requirement = {
				kind = upToNextMajorVersion;
				minimumVersion = 6.5.0;
			};
		};
		0CD45DE2260638CA00DC50B5 /* XCRemoteSwiftPackageReference "realm-cocoa" */ = {
			isa = XCRemoteSwiftPackageReference;
			repositoryURL = "https://github.com/realm/realm-cocoa.git";
			requirement = {
				kind = upToNextMajorVersion;
				minimumVersion = 10.7.2;
			};
		};
/* End XCRemoteSwiftPackageReference section */

/* Begin XCSwiftPackageProductDependency section */
		0CD45DC62605FE7E00DC50B5 /* Network */ = {
			isa = XCSwiftPackageProductDependency;
			productName = Network;
		};
		0CD45DC92606002B00DC50B5 /* UICommon */ = {
			isa = XCSwiftPackageProductDependency;
			productName = UICommon;
		};
		0CD45DCC2606006D00DC50B5 /* Utilites */ = {
			isa = XCSwiftPackageProductDependency;
			productName = Utilites;
		};
		0CD45DD1260602DD00DC50B5 /* Kingfisher */ = {
			isa = XCSwiftPackageProductDependency;
			package = 0CD45DD0260602DD00DC50B5 /* XCRemoteSwiftPackageReference "Kingfisher" */;
			productName = Kingfisher;
		};
		0CD45DDF260624EE00DC50B5 /* IQKeyboardManagerSwift */ = {
			isa = XCSwiftPackageProductDependency;
			package = 0CD45DDE260624EE00DC50B5 /* XCRemoteSwiftPackageReference "IQKeyboardManager" */;
			productName = IQKeyboardManagerSwift;
		};
		0CD45DE3260638CB00DC50B5 /* Realm */ = {
			isa = XCSwiftPackageProductDependency;
			package = 0CD45DE2260638CA00DC50B5 /* XCRemoteSwiftPackageReference "realm-cocoa" */;
			productName = Realm;
		};
		0CD45DE5260638CB00DC50B5 /* RealmSwift */ = {
			isa = XCSwiftPackageProductDependency;
			package = 0CD45DE2260638CA00DC50B5 /* XCRemoteSwiftPackageReference "realm-cocoa" */;
			productName = RealmSwift;
		};
/* End XCSwiftPackageProductDependency section */
	};
	rootObject = 0CD45D912605FD6C00DC50B5 /* Project object */;
}
